{
  "name": "@ngx-i18nsupport/ngx-i18nsupport-lib",
  "version": "1.12.1",
  "lockfileVersion": 1,
  "requires": true,
  "dependencies": {
    "@types/tokenizr": {
      "version": "1.5.1",
      "resolved": "https://registry.npmjs.org/@types/tokenizr/-/tokenizr-1.5.1.tgz",
      "integrity": "sha512-8q17OkvdTTXmKpcW28rJhVmnkj1aCm8KcQnPwZUffFmGcY0/ukCBNqqYTUQ+o5sI3dFUAh772IOLV5wEQ9or2g=="
    },
    "@types/xmldom": {
      "version": "0.1.30",
      "resolved": "https://registry.npmjs.org/@types/xmldom/-/xmldom-0.1.30.tgz",
      "integrity": "sha512-edqgAFXMEtVvaBZ3YnhamvmrHjoYpuxETmnb0lbTZmf/dXpAsO9ZKotUO4K2rn2SIZBDFCMOuA7fOe0H6dRZcA=="
    },
    "tokenizr": {
      "version": "1.5.7",
      "resolved": "https://registry.npmjs.org/tokenizr/-/tokenizr-1.5.7.tgz",
      "integrity": "sha512-w6qS6F5PNtY30DxoRD4a7nC7zOlPM2SlpQ4zLhOmqBaB1VCZrlV82bLpc/lKNOdNmrwIwcsJLDcjEJ8f7UG6Mg=="
    },
    "xmldom": {
      "version": "0.1.31",
      "resolved": "https://registry.npmjs.org/xmldom/-/xmldom-0.1.31.tgz",
      "integrity": "sha512-yS2uJflVQs6n+CyjHoaBmVSqIDevTAWrzMmjG1Gc7h1qQ7uVozNhEPJAwZXWyGQ/Gafo3fCwrcaokezLPupVyQ=="
    }
  }
}
